
Microsoft Visual Studio Solution File, Format Version 12.00
# Visual Studio 15
VisualStudioVersion = 15.0.28307.168
MinimumVisualStudioVersion = 10.0.40219.1
Project("{9A19103F-16F7-4668-BE54-9A1E7A4F7556}") = "TrixxySolver", "TrixxySolver\TrixxySolver.csproj", "{B0FB159B-41B7-4668-8E70-CBECB36674A2}"
EndProject
Global
	GlobalSection(SolutionConfigurationPlatforms) = preSolution
		Debug|Any CPU = Debug|Any CPU
		Release|Any CPU = Release|Any CPU
	EndGlobalSection
	GlobalSection(ProjectConfigurationPlatforms) = postSolution
		{B0FB159B-41B7-4668-8E70-CBECB36674A2}.Debug|Any CPU.ActiveCfg = Debug|Any CPU
		{B0FB159B-41B7-4668-8E70-CBECB36674A2}.Debug|Any CPU.Build.0 = Debug|Any CPU
		{B0FB159B-41B7-4668-8E70-CBECB36674A2}.Release|Any CPU.ActiveCfg = Release|Any CPU
		{B0FB159B-41B7-4668-8E70-CBECB36674A2}.Release|Any CPU.Build.0 = Release|Any CPU
	EndGlobalSection
	GlobalSection(SolutionProperties) = preSolution
		HideSolutionNode = FALSE
	EndGlobalSection
	GlobalSection(ExtensibilityGlobals) = postSolution
		SolutionGuid = {6594C4E7-8C49-467C-B658-3C2853CFC5E5}
	EndGlobalSection
EndGlobal
